
Microsoft Visual Studio Solution File, Format Version 12.00
# Visual Studio 2012
Project("{FAE04EC0-301F-11D3-BF4B-00C04F79EFBC}") = "WP.Common", "WP.Common\WP.Common.csproj", "{FB513845-008D-4AAC-A2FE-D1B9B4B93CB0}"
EndProject
Project("{FAE04EC0-301F-11D3-BF4B-00C04F79EFBC}") = "WP.Basics", "WP.Basics\WP.Basics.csproj", "{8F8D5EBA-0BEC-49E2-91A1-6AEE2C17494B}"
EndProject
Project("{FAE04EC0-301F-11D3-BF4B-00C04F79EFBC}") = "WP.Performance", "WP.Performance\WP.Performance.csproj", "{10360B80-2F46-41AE-9CB2-DF07C6581845}"
EndProject
Project("{FAE04EC0-301F-11D3-BF4B-00C04F79EFBC}") = "WP.IoC", "WP.IoC\WP.IoC.csproj", "{8939E192-F535-4E08-ACE3-E6AB8749743E}"
EndProject
Project("{FAE04EC0-301F-11D3-BF4B-00C04F79EFBC}") = "WP.ScheduledTask", "WP.ScheduledTask\WP.ScheduledTask.csproj", "{8DE02585-4760-464A-92BA-6534977ECF06}"
EndProject
Project("{FAE04EC0-301F-11D3-BF4B-00C04F79EFBC}") = "WP.Sensors", "WP.Sensors\WP.Sensors.csproj", "{D224E3A7-75D2-41D6-BA49-02C9DC980C9E}"
EndProject
Project("{FAE04EC0-301F-11D3-BF4B-00C04F79EFBC}") = "WP.Services", "WP.Services\WP.Services.csproj", "{D5451585-BA0B-4046-A8C9-F28F27F7DF60}"
EndProject
Global
	GlobalSection(SolutionConfigurationPlatforms) = preSolution
		Debug|Any CPU = Debug|Any CPU
		Debug|ARM = Debug|ARM
		Debug|x86 = Debug|x86
		Release|Any CPU = Release|Any CPU
		Release|ARM = Release|ARM
		Release|x86 = Release|x86
	EndGlobalSection
	GlobalSection(ProjectConfigurationPlatforms) = postSolution
		{FB513845-008D-4AAC-A2FE-D1B9B4B93CB0}.Debug|Any CPU.ActiveCfg = Debug|Any CPU
		{FB513845-008D-4AAC-A2FE-D1B9B4B93CB0}.Debug|Any CPU.Build.0 = Debug|Any CPU
		{FB513845-008D-4AAC-A2FE-D1B9B4B93CB0}.Debug|ARM.ActiveCfg = Debug|ARM
		{FB513845-008D-4AAC-A2FE-D1B9B4B93CB0}.Debug|ARM.Build.0 = Debug|ARM
		{FB513845-008D-4AAC-A2FE-D1B9B4B93CB0}.Debug|x86.ActiveCfg = Debug|x86
		{FB513845-008D-4AAC-A2FE-D1B9B4B93CB0}.Debug|x86.Build.0 = Debug|x86
		{FB513845-008D-4AAC-A2FE-D1B9B4B93CB0}.Release|Any CPU.ActiveCfg = Release|Any CPU
		{FB513845-008D-4AAC-A2FE-D1B9B4B93CB0}.Release|Any CPU.Build.0 = Release|Any CPU
		{FB513845-008D-4AAC-A2FE-D1B9B4B93CB0}.Release|ARM.ActiveCfg = Release|ARM
		{FB513845-008D-4AAC-A2FE-D1B9B4B93CB0}.Release|ARM.Build.0 = Release|ARM
		{FB513845-008D-4AAC-A2FE-D1B9B4B93CB0}.Release|x86.ActiveCfg = Release|x86
		{FB513845-008D-4AAC-A2FE-D1B9B4B93CB0}.Release|x86.Build.0 = Release|x86
		{8F8D5EBA-0BEC-49E2-91A1-6AEE2C17494B}.Debug|Any CPU.ActiveCfg = Debug|Any CPU
		{8F8D5EBA-0BEC-49E2-91A1-6AEE2C17494B}.Debug|Any CPU.Build.0 = Debug|Any CPU
		{8F8D5EBA-0BEC-49E2-91A1-6AEE2C17494B}.Debug|Any CPU.Deploy.0 = Debug|Any CPU
		{8F8D5EBA-0BEC-49E2-91A1-6AEE2C17494B}.Debug|ARM.ActiveCfg = Debug|ARM
		{8F8D5EBA-0BEC-49E2-91A1-6AEE2C17494B}.Debug|ARM.Build.0 = Debug|ARM
		{8F8D5EBA-0BEC-49E2-91A1-6AEE2C17494B}.Debug|ARM.Deploy.0 = Debug|ARM
		{8F8D5EBA-0BEC-49E2-91A1-6AEE2C17494B}.Debug|x86.ActiveCfg = Debug|x86
		{8F8D5EBA-0BEC-49E2-91A1-6AEE2C17494B}.Debug|x86.Build.0 = Debug|x86
		{8F8D5EBA-0BEC-49E2-91A1-6AEE2C17494B}.Debug|x86.Deploy.0 = Debug|x86
		{8F8D5EBA-0BEC-49E2-91A1-6AEE2C17494B}.Release|Any CPU.ActiveCfg = Release|Any CPU
		{8F8D5EBA-0BEC-49E2-91A1-6AEE2C17494B}.Release|Any CPU.Build.0 = Release|Any CPU
		{8F8D5EBA-0BEC-49E2-91A1-6AEE2C17494B}.Release|Any CPU.Deploy.0 = Release|Any CPU
		{8F8D5EBA-0BEC-49E2-91A1-6AEE2C17494B}.Release|ARM.ActiveCfg = Release|ARM
		{8F8D5EBA-0BEC-49E2-91A1-6AEE2C17494B}.Release|ARM.Build.0 = Release|ARM
		{8F8D5EBA-0BEC-49E2-91A1-6AEE2C17494B}.Release|ARM.Deploy.0 = Release|ARM
		{8F8D5EBA-0BEC-49E2-91A1-6AEE2C17494B}.Release|x86.ActiveCfg = Release|x86
		{8F8D5EBA-0BEC-49E2-91A1-6AEE2C17494B}.Release|x86.Build.0 = Release|x86
		{8F8D5EBA-0BEC-49E2-91A1-6AEE2C17494B}.Release|x86.Deploy.0 = Release|x86
		{10360B80-2F46-41AE-9CB2-DF07C6581845}.Debug|Any CPU.ActiveCfg = Debug|Any CPU
		{10360B80-2F46-41AE-9CB2-DF07C6581845}.Debug|Any CPU.Build.0 = Debug|Any CPU
		{10360B80-2F46-41AE-9CB2-DF07C6581845}.Debug|Any CPU.Deploy.0 = Debug|Any CPU
		{10360B80-2F46-41AE-9CB2-DF07C6581845}.Debug|ARM.ActiveCfg = Debug|ARM
		{10360B80-2F46-41AE-9CB2-DF07C6581845}.Debug|ARM.Build.0 = Debug|ARM
		{10360B80-2F46-41AE-9CB2-DF07C6581845}.Debug|ARM.Deploy.0 = Debug|ARM
		{10360B80-2F46-41AE-9CB2-DF07C6581845}.Debug|x86.ActiveCfg = Debug|x86
		{10360B80-2F46-41AE-9CB2-DF07C6581845}.Debug|x86.Build.0 = Debug|x86
		{10360B80-2F46-41AE-9CB2-DF07C6581845}.Debug|x86.Deploy.0 = Debug|x86
		{10360B80-2F46-41AE-9CB2-DF07C6581845}.Release|Any CPU.ActiveCfg = Release|Any CPU
		{10360B80-2F46-41AE-9CB2-DF07C6581845}.Release|Any CPU.Build.0 = Release|Any CPU
		{10360B80-2F46-41AE-9CB2-DF07C6581845}.Release|Any CPU.Deploy.0 = Release|Any CPU
		{10360B80-2F46-41AE-9CB2-DF07C6581845}.Release|ARM.ActiveCfg = Release|ARM
		{10360B80-2F46-41AE-9CB2-DF07C6581845}.Release|ARM.Build.0 = Release|ARM
		{10360B80-2F46-41AE-9CB2-DF07C6581845}.Release|ARM.Deploy.0 = Release|ARM
		{10360B80-2F46-41AE-9CB2-DF07C6581845}.Release|x86.ActiveCfg = Release|x86
		{10360B80-2F46-41AE-9CB2-DF07C6581845}.Release|x86.Build.0 = Release|x86
		{10360B80-2F46-41AE-9CB2-DF07C6581845}.Release|x86.Deploy.0 = Release|x86
		{8939E192-F535-4E08-ACE3-E6AB8749743E}.Debug|Any CPU.ActiveCfg = Debug|Any CPU
		{8939E192-F535-4E08-ACE3-E6AB8749743E}.Debug|Any CPU.Build.0 = Debug|Any CPU
		{8939E192-F535-4E08-ACE3-E6AB8749743E}.Debug|Any CPU.Deploy.0 = Debug|Any CPU
		{8939E192-F535-4E08-ACE3-E6AB8749743E}.Debug|ARM.ActiveCfg = Debug|ARM
		{8939E192-F535-4E08-ACE3-E6AB8749743E}.Debug|ARM.Build.0 = Debug|ARM
		{8939E192-F535-4E08-ACE3-E6AB8749743E}.Debug|ARM.Deploy.0 = Debug|ARM
		{8939E192-F535-4E08-ACE3-E6AB8749743E}.Debug|x86.ActiveCfg = Debug|x86
		{8939E192-F535-4E08-ACE3-E6AB8749743E}.Debug|x86.Build.0 = Debug|x86
		{8939E192-F535-4E08-ACE3-E6AB8749743E}.Debug|x86.Deploy.0 = Debug|x86
		{8939E192-F535-4E08-ACE3-E6AB8749743E}.Release|Any CPU.ActiveCfg = Release|Any CPU
		{8939E192-F535-4E08-ACE3-E6AB8749743E}.Release|Any CPU.Build.0 = Release|Any CPU
		{8939E192-F535-4E08-ACE3-E6AB8749743E}.Release|Any CPU.Deploy.0 = Release|Any CPU
		{8939E192-F535-4E08-ACE3-E6AB8749743E}.Release|ARM.ActiveCfg = Release|ARM
		{8939E192-F535-4E08-ACE3-E6AB8749743E}.Release|ARM.Build.0 = Release|ARM
		{8939E192-F535-4E08-ACE3-E6AB8749743E}.Release|ARM.Deploy.0 = Release|ARM
		{8939E192-F535-4E08-ACE3-E6AB8749743E}.Release|x86.ActiveCfg = Release|x86
		{8939E192-F535-4E08-ACE3-E6AB8749743E}.Release|x86.Build.0 = Release|x86
		{8939E192-F535-4E08-ACE3-E6AB8749743E}.Release|x86.Deploy.0 = Release|x86
		{8DE02585-4760-464A-92BA-6534977ECF06}.Debug|Any CPU.ActiveCfg = Debug|Any CPU
		{8DE02585-4760-464A-92BA-6534977ECF06}.Debug|Any CPU.Build.0 = Debug|Any CPU
		{8DE02585-4760-464A-92BA-6534977ECF06}.Debug|ARM.ActiveCfg = Debug|ARM
		{8DE02585-4760-464A-92BA-6534977ECF06}.Debug|ARM.Build.0 = Debug|ARM
		{8DE02585-4760-464A-92BA-6534977ECF06}.Debug|x86.ActiveCfg = Debug|x86
		{8DE02585-4760-464A-92BA-6534977ECF06}.Debug|x86.Build.0 = Debug|x86
		{8DE02585-4760-464A-92BA-6534977ECF06}.Release|Any CPU.ActiveCfg = Release|Any CPU
		{8DE02585-4760-464A-92BA-6534977ECF06}.Release|Any CPU.Build.0 = Release|Any CPU
		{8DE02585-4760-464A-92BA-6534977ECF06}.Release|ARM.ActiveCfg = Release|ARM
		{8DE02585-4760-464A-92BA-6534977ECF06}.Release|ARM.Build.0 = Release|ARM
		{8DE02585-4760-464A-92BA-6534977ECF06}.Release|x86.ActiveCfg = Release|x86
		{8DE02585-4760-464A-92BA-6534977ECF06}.Release|x86.Build.0 = Release|x86
		{D224E3A7-75D2-41D6-BA49-02C9DC980C9E}.Debug|Any CPU.ActiveCfg = Debug|Any CPU
		{D224E3A7-75D2-41D6-BA49-02C9DC980C9E}.Debug|Any CPU.Build.0 = Debug|Any CPU
		{D224E3A7-75D2-41D6-BA49-02C9DC980C9E}.Debug|Any CPU.Deploy.0 = Debug|Any CPU
		{D224E3A7-75D2-41D6-BA49-02C9DC980C9E}.Debug|ARM.ActiveCfg = Debug|Any CPU
		{D224E3A7-75D2-41D6-BA49-02C9DC980C9E}.Debug|x86.ActiveCfg = Debug|Any CPU
		{D224E3A7-75D2-41D6-BA49-02C9DC980C9E}.Release|Any CPU.ActiveCfg = Release|Any CPU
		{D224E3A7-75D2-41D6-BA49-02C9DC980C9E}.Release|Any CPU.Build.0 = Release|Any CPU
		{D224E3A7-75D2-41D6-BA49-02C9DC980C9E}.Release|Any CPU.Deploy.0 = Release|Any CPU
		{D224E3A7-75D2-41D6-BA49-02C9DC980C9E}.Release|ARM.ActiveCfg = Release|Any CPU
		{D224E3A7-75D2-41D6-BA49-02C9DC980C9E}.Release|x86.ActiveCfg = Release|Any CPU
		{D5451585-BA0B-4046-A8C9-F28F27F7DF60}.Debug|Any CPU.ActiveCfg = Debug|Any CPU
		{D5451585-BA0B-4046-A8C9-F28F27F7DF60}.Debug|Any CPU.Build.0 = Debug|Any CPU
		{D5451585-BA0B-4046-A8C9-F28F27F7DF60}.Debug|Any CPU.Deploy.0 = Debug|Any CPU
		{D5451585-BA0B-4046-A8C9-F28F27F7DF60}.Debug|ARM.ActiveCfg = Debug|Any CPU
		{D5451585-BA0B-4046-A8C9-F28F27F7DF60}.Debug|x86.ActiveCfg = Debug|Any CPU
		{D5451585-BA0B-4046-A8C9-F28F27F7DF60}.Release|Any CPU.ActiveCfg = Release|Any CPU
		{D5451585-BA0B-4046-A8C9-F28F27F7DF60}.Release|Any CPU.Build.0 = Release|Any CPU
		{D5451585-BA0B-4046-A8C9-F28F27F7DF60}.Release|Any CPU.Deploy.0 = Release|Any CPU
		{D5451585-BA0B-4046-A8C9-F28F27F7DF60}.Release|ARM.ActiveCfg = Release|Any CPU
		{D5451585-BA0B-4046-A8C9-F28F27F7DF60}.Release|x86.ActiveCfg = Release|Any CPU
	EndGlobalSection
	GlobalSection(SolutionProperties) = preSolution
		HideSolutionNode = FALSE
	EndGlobalSection
EndGlobal
